
Microsoft Visual Studio Solution File, Format Version 12.00
# Visual Studio Version 16
VisualStudioVersion = 16.0.29411.108
MinimumVisualStudioVersion = 10.0.40219.1
Project("{FAE04EC0-301F-11D3-BF4B-00C04F79EFBC}") = "Es04_WebServicesSOAP", "Es04_WebServicesSOAP\Es04_WebServicesSOAP.csproj", "{79D33812-5DF1-4152-9CD1-70B869B54B16}"
EndProject
Global
	GlobalSection(SolutionConfigurationPlatforms) = preSolution
		Debug|Any CPU = Debug|Any CPU
		Release|Any CPU = Release|Any CPU
	EndGlobalSection
	GlobalSection(ProjectConfigurationPlatforms) = postSolution
		{79D33812-5DF1-4152-9CD1-70B869B54B16}.Debug|Any CPU.ActiveCfg = Debug|Any CPU
		{79D33812-5DF1-4152-9CD1-70B869B54B16}.Debug|Any CPU.Build.0 = Debug|Any CPU
		{79D33812-5DF1-4152-9CD1-70B869B54B16}.Release|Any CPU.ActiveCfg = Release|Any CPU
		{79D33812-5DF1-4152-9CD1-70B869B54B16}.Release|Any CPU.Build.0 = Release|Any CPU
	EndGlobalSection
	GlobalSection(SolutionProperties) = preSolution
		HideSolutionNode = FALSE
	EndGlobalSection
	GlobalSection(ExtensibilityGlobals) = postSolution
		SolutionGuid = {B3701078-7169-454B-A0B8-F7ABCA94367A}
	EndGlobalSection
EndGlobal
